
Microsoft Visual Studio Solution File, Format Version 12.00
# Visual Studio Version 17
VisualStudioVersion = 17.3.32811.315
MinimumVisualStudioVersion = 10.0.40219.1
Project("{FAE04EC0-301F-11D3-BF4B-00C04F79EFBC}") = "g181210044_g191210044", "g181210044_g191210044\g181210044_g191210044.csproj", "{E1C60FF0-5584-4ADD-8BC1-3C2CE458EBC0}"
EndProject
Global
	GlobalSection(SolutionConfigurationPlatforms) = preSolution
		Debug|Any CPU = Debug|Any CPU
		Release|Any CPU = Release|Any CPU
	EndGlobalSection
	GlobalSection(ProjectConfigurationPlatforms) = postSolution
		{E1C60FF0-5584-4ADD-8BC1-3C2CE458EBC0}.Debug|Any CPU.ActiveCfg = Debug|Any CPU
		{E1C60FF0-5584-4ADD-8BC1-3C2CE458EBC0}.Debug|Any CPU.Build.0 = Debug|Any CPU
		{E1C60FF0-5584-4ADD-8BC1-3C2CE458EBC0}.Release|Any CPU.ActiveCfg = Release|Any CPU
		{E1C60FF0-5584-4ADD-8BC1-3C2CE458EBC0}.Release|Any CPU.Build.0 = Release|Any CPU
	EndGlobalSection
	GlobalSection(SolutionProperties) = preSolution
		HideSolutionNode = FALSE
	EndGlobalSection
	GlobalSection(ExtensibilityGlobals) = postSolution
		SolutionGuid = {260CEB1C-F745-4389-9142-BDB68CAB0570}
	EndGlobalSection
EndGlobal
